// !$*UTF8*$!
{
	archiveVersion = 1;
	classes = {
	};
	objectVersion = 51;
	objects = {

/* Begin PBXBuildFile section */
		2276B41F24D30FC100C2D4D7 /* AppDelegate.swift in Sources */ = {isa = PBXBuildFile; fileRef = 2276B41E24D30FC100C2D4D7 /* AppDelegate.swift */; };
		2276B42124D30FC100C2D4D7 /* SceneDelegate.swift in Sources */ = {isa = PBXBuildFile; fileRef = 2276B42024D30FC100C2D4D7 /* SceneDelegate.swift */; };
		2276B42324D30FC100C2D4D7 /* ViewController.swift in Sources */ = {isa = PBXBuildFile; fileRef = 2276B42224D30FC100C2D4D7 /* ViewController.swift */; };
		2276B42624D30FC100C2D4D7 /* Main.storyboard in Resources */ = {isa = PBXBuildFile; fileRef = 2276B42424D30FC100C2D4D7 /* Main.storyboard */; };
		2276B42824D30FC600C2D4D7 /* Assets.xcassets in Resources */ = {isa = PBXBuildFile; fileRef = 2276B42724D30FC600C2D4D7 /* Assets.xcassets */; };
		2276B42B24D30FC600C2D4D7 /* LaunchScreen.storyboard in Resources */ = {isa = PBXBuildFile; fileRef = 2276B42924D30FC600C2D4D7 /* LaunchScreen.storyboard */; };
		2276B43624D30FC600C2D4D7 /* TickerFullImageViewTests.swift in Sources */ = {isa = PBXBuildFile; fileRef = 2276B43524D30FC600C2D4D7 /* TickerFullImageViewTests.swift */; };
		2276B44124D30FC600C2D4D7 /* TickerFullImageViewUITests.swift in Sources */ = {isa = PBXBuildFile; fileRef = 2276B44024D30FC600C2D4D7 /* TickerFullImageViewUITests.swift */; };
		2276B45024D3111400C2D4D7 /* MatchDetailImage.swift in Sources */ = {isa = PBXBuildFile; fileRef = 2276B44F24D3111400C2D4D7 /* MatchDetailImage.swift */; };
		2276B45324D3125B00C2D4D7 /* MatchDetailImageState.swift in Sources */ = {isa = PBXBuildFile; fileRef = 2276B45224D3125B00C2D4D7 /* MatchDetailImageState.swift */; };
		2276B45524D314D500C2D4D7 /* MatchDetailRepository.swift in Sources */ = {isa = PBXBuildFile; fileRef = 2276B45424D314D500C2D4D7 /* MatchDetailRepository.swift */; };
		2276B45924D317EE00C2D4D7 /* MatchDetailIntent.swift in Sources */ = {isa = PBXBuildFile; fileRef = 2276B45824D317EE00C2D4D7 /* MatchDetailIntent.swift */; };
		3D950D6A477831513B1ED205 /* Pods_TickerFullImageView.framework in Frameworks */ = {isa = PBXBuildFile; fileRef = F7945B263A56F948C78F5174 /* Pods_TickerFullImageView.framework */; };
		C020353D8FA87BACC48BD343 /* Pods_TickerFullImageView_TickerFullImageViewUITests.framework in Frameworks */ = {isa = PBXBuildFile; fileRef = 2508184F644BCA2D085576CD /* Pods_TickerFullImageView_TickerFullImageViewUITests.framework */; };
		F579078B27A5389E50D290E0 /* Pods_TickerFullImageViewTests.framework in Frameworks */ = {isa = PBXBuildFile; fileRef = DBC9A28AF3E94BECC7B5A884 /* Pods_TickerFullImageViewTests.framework */; };
/* End PBXBuildFile section */

/* Begin PBXContainerItemProxy section */
		2276B43224D30FC600C2D4D7 /* PBXContainerItemProxy */ = {
			isa = PBXContainerItemProxy;
			containerPortal = 2276B41324D30FC100C2D4D7 /* Project object */;
			proxyType = 1;
			remoteGlobalIDString = 2276B41A24D30FC100C2D4D7;
			remoteInfo = TickerFullImageView;
		};
		2276B43D24D30FC600C2D4D7 /* PBXContainerItemProxy */ = {
			isa = PBXContainerItemProxy;
			containerPortal = 2276B41324D30FC100C2D4D7 /* Project object */;
			proxyType = 1;
			remoteGlobalIDString = 2276B41A24D30FC100C2D4D7;
			remoteInfo = TickerFullImageView;
		};
/* End PBXContainerItemProxy section */

/* Begin PBXFileReference section */
		1166BD6BA19F34286DD49C7B /* Pods-TickerFullImageView.release.xcconfig */ = {isa = PBXFileReference; includeInIndex = 1; lastKnownFileType = text.xcconfig; name = "Pods-TickerFullImageView.release.xcconfig"; path = "Target Support Files/Pods-TickerFullImageView/Pods-TickerFullImageView.release.xcconfig"; sourceTree = "<group>"; };
		2276B41B24D30FC100C2D4D7 /* TickerFullImageView.app */ = {isa = PBXFileReference; explicitFileType = wrapper.application; includeInIndex = 0; path = TickerFullImageView.app; sourceTree = BUILT_PRODUCTS_DIR; };
		2276B41E24D30FC100C2D4D7 /* AppDelegate.swift */ = {isa = PBXFileReference; lastKnownFileType = sourcecode.swift; path = AppDelegate.swift; sourceTree = "<group>"; };
		2276B42024D30FC100C2D4D7 /* SceneDelegate.swift */ = {isa = PBXFileReference; lastKnownFileType = sourcecode.swift; path = SceneDelegate.swift; sourceTree = "<group>"; };
		2276B42224D30FC100C2D4D7 /* ViewController.swift */ = {isa = PBXFileReference; lastKnownFileType = sourcecode.swift; path = ViewController.swift; sourceTree = "<group>"; };
		2276B42524D30FC100C2D4D7 /* Base */ = {isa = PBXFileReference; lastKnownFileType = file.storyboard; name = Base; path = Base.lproj/Main.storyboard; sourceTree = "<group>"; };
		2276B42724D30FC600C2D4D7 /* Assets.xcassets */ = {isa = PBXFileReference; lastKnownFileType = folder.assetcatalog; path = Assets.xcassets; sourceTree = "<group>"; };
		2276B42A24D30FC600C2D4D7 /* Base */ = {isa = PBXFileReference; lastKnownFileType = file.storyboard; name = Base; path = Base.lproj/LaunchScreen.storyboard; sourceTree = "<group>"; };
		2276B42C24D30FC600C2D4D7 /* Info.plist */ = {isa = PBXFileReference; lastKnownFileType = text.plist.xml; path = Info.plist; sourceTree = "<group>"; };
		2276B43124D30FC600C2D4D7 /* TickerFullImageViewTests.xctest */ = {isa = PBXFileReference; explicitFileType = wrapper.cfbundle; includeInIndex = 0; path = TickerFullImageViewTests.xctest; sourceTree = BUILT_PRODUCTS_DIR; };
		2276B43524D30FC600C2D4D7 /* TickerFullImageViewTests.swift */ = {isa = PBXFileReference; lastKnownFileType = sourcecode.swift; path = TickerFullImageViewTests.swift; sourceTree = "<group>"; };
		2276B43724D30FC600C2D4D7 /* Info.plist */ = {isa = PBXFileReference; lastKnownFileType = text.plist.xml; path = Info.plist; sourceTree = "<group>"; };
		2276B43C24D30FC600C2D4D7 /* TickerFullImageViewUITests.xctest */ = {isa = PBXFileReference; explicitFileType = wrapper.cfbundle; includeInIndex = 0; path = TickerFullImageViewUITests.xctest; sourceTree = BUILT_PRODUCTS_DIR; };
		2276B44024D30FC600C2D4D7 /* TickerFullImageViewUITests.swift */ = {isa = PBXFileReference; lastKnownFileType = sourcecode.swift; path = TickerFullImageViewUITests.swift; sourceTree = "<group>"; };
		2276B44224D30FC600C2D4D7 /* Info.plist */ = {isa = PBXFileReference; lastKnownFileType = text.plist.xml; path = Info.plist; sourceTree = "<group>"; };
		2276B44F24D3111400C2D4D7 /* MatchDetailImage.swift */ = {isa = PBXFileReference; lastKnownFileType = sourcecode.swift; path = MatchDetailImage.swift; sourceTree = "<group>"; };
		2276B45224D3125B00C2D4D7 /* MatchDetailImageState.swift */ = {isa = PBXFileReference; lastKnownFileType = sourcecode.swift; path = MatchDetailImageState.swift; sourceTree = "<group>"; };
		2276B45424D314D500C2D4D7 /* MatchDetailRepository.swift */ = {isa = PBXFileReference; lastKnownFileType = sourcecode.swift; path = MatchDetailRepository.swift; sourceTree = "<group>"; };
		2276B45824D317EE00C2D4D7 /* MatchDetailIntent.swift */ = {isa = PBXFileReference; lastKnownFileType = sourcecode.swift; path = MatchDetailIntent.swift; sourceTree = "<group>"; };
		2508184F644BCA2D085576CD /* Pods_TickerFullImageView_TickerFullImageViewUITests.framework */ = {isa = PBXFileReference; explicitFileType = wrapper.framework; includeInIndex = 0; path = Pods_TickerFullImageView_TickerFullImageViewUITests.framework; sourceTree = BUILT_PRODUCTS_DIR; };
		5E7B979947C0716591E5DEFD /* Pods-TickerFullImageView.debug.xcconfig */ = {isa = PBXFileReference; includeInIndex = 1; lastKnownFileType = text.xcconfig; name = "Pods-TickerFullImageView.debug.xcconfig"; path = "Target Support Files/Pods-TickerFullImageView/Pods-TickerFullImageView.debug.xcconfig"; sourceTree = "<group>"; };
		6EE2D6859D49B597E7409FE6 /* Pods-TickerFullImageViewTests.debug.xcconfig */ = {isa = PBXFileReference; includeInIndex = 1; lastKnownFileType = text.xcconfig; name = "Pods-TickerFullImageViewTests.debug.xcconfig"; path = "Target Support Files/Pods-TickerFullImageViewTests/Pods-TickerFullImageViewTests.debug.xcconfig"; sourceTree = "<group>"; };
		B6AFA87A9947EC3AFF0FAC2A /* Pods-TickerFullImageView-TickerFullImageViewUITests.debug.xcconfig */ = {isa = PBXFileReference; includeInIndex = 1; lastKnownFileType = text.xcconfig; name = "Pods-TickerFullImageView-TickerFullImageViewUITests.debug.xcconfig"; path = "Target Support Files/Pods-TickerFullImageView-TickerFullImageViewUITests/Pods-TickerFullImageView-TickerFullImageViewUITests.debug.xcconfig"; sourceTree = "<group>"; };
		B8C25F7020A15DED7D48656B /* Pods-TickerFullImageView-TickerFullImageViewUITests.release.xcconfig */ = {isa = PBXFileReference; includeInIndex = 1; lastKnownFileType = text.xcconfig; name = "Pods-TickerFullImageView-TickerFullImageViewUITests.release.xcconfig"; path = "Target Support Files/Pods-TickerFullImageView-TickerFullImageViewUITests/Pods-TickerFullImageView-TickerFullImageViewUITests.release.xcconfig"; sourceTree = "<group>"; };
		BB9A4E7C7CD7ED070DDBAA7B /* Pods-TickerFullImageViewTests.release.xcconfig */ = {isa = PBXFileReference; includeInIndex = 1; lastKnownFileType = text.xcconfig; name = "Pods-TickerFullImageViewTests.release.xcconfig"; path = "Target Support Files/Pods-TickerFullImageViewTests/Pods-TickerFullImageViewTests.release.xcconfig"; sourceTree = "<group>"; };
		DBC9A28AF3E94BECC7B5A884 /* Pods_TickerFullImageViewTests.framework */ = {isa = PBXFileReference; explicitFileType = wrapper.framework; includeInIndex = 0; path = Pods_TickerFullImageViewTests.framework; sourceTree = BUILT_PRODUCTS_DIR; };
		F7945B263A56F948C78F5174 /* Pods_TickerFullImageView.framework */ = {isa = PBXFileReference; explicitFileType = wrapper.framework; includeInIndex = 0; path = Pods_TickerFullImageView.framework; sourceTree = BUILT_PRODUCTS_DIR; };
/* End PBXFileReference section */

/* Begin PBXFrameworksBuildPhase section */
		2276B41824D30FC100C2D4D7 /* Frameworks */ = {
			isa = PBXFrameworksBuildPhase;
			buildActionMask = 2147483647;
			files = (
				3D950D6A477831513B1ED205 /* Pods_TickerFullImageView.framework in Frameworks */,
			);
			runOnlyForDeploymentPostprocessing = 0;
		};
		2276B42E24D30FC600C2D4D7 /* Frameworks */ = {
			isa = PBXFrameworksBuildPhase;
			buildActionMask = 2147483647;
			files = (
				F579078B27A5389E50D290E0 /* Pods_TickerFullImageViewTests.framework in Frameworks */,
			);
			runOnlyForDeploymentPostprocessing = 0;
		};
		2276B43924D30FC600C2D4D7 /* Frameworks */ = {
			isa = PBXFrameworksBuildPhase;
			buildActionMask = 2147483647;
			files = (
				C020353D8FA87BACC48BD343 /* Pods_TickerFullImageView_TickerFullImageViewUITests.framework in Frameworks */,
			);
			runOnlyForDeploymentPostprocessing = 0;
		};
/* End PBXFrameworksBuildPhase section */

/* Begin PBXGroup section */
		1E522EE4BD94BC97B8502622 /* Frameworks */ = {
			isa = PBXGroup;
			children = (
				F7945B263A56F948C78F5174 /* Pods_TickerFullImageView.framework */,
				2508184F644BCA2D085576CD /* Pods_TickerFullImageView_TickerFullImageViewUITests.framework */,
				DBC9A28AF3E94BECC7B5A884 /* Pods_TickerFullImageViewTests.framework */,
			);
			name = Frameworks;
			sourceTree = "<group>";
		};
		2276B41224D30FC100C2D4D7 = {
			isa = PBXGroup;
			children = (
				2276B41D24D30FC100C2D4D7 /* TickerFullImageView */,
				2276B43424D30FC600C2D4D7 /* TickerFullImageViewTests */,
				2276B43F24D30FC600C2D4D7 /* TickerFullImageViewUITests */,
				2276B41C24D30FC100C2D4D7 /* Products */,
				D67073E67EC0785C445C0B63 /* Pods */,
				1E522EE4BD94BC97B8502622 /* Frameworks */,
			);
			sourceTree = "<group>";
		};
		2276B41C24D30FC100C2D4D7 /* Products */ = {
			isa = PBXGroup;
			children = (
				2276B41B24D30FC100C2D4D7 /* TickerFullImageView.app */,
				2276B43124D30FC600C2D4D7 /* TickerFullImageViewTests.xctest */,
				2276B43C24D30FC600C2D4D7 /* TickerFullImageViewUITests.xctest */,
			);
			name = Products;
			sourceTree = "<group>";
		};
		2276B41D24D30FC100C2D4D7 /* TickerFullImageView */ = {
			isa = PBXGroup;
			children = (
				2276B45A24D34DF700C2D4D7 /* Views */,
				2276B45724D317D200C2D4D7 /* Intents */,
				2276B45624D314D900C2D4D7 /* Repositories */,
				2276B45124D3124800C2D4D7 /* States */,
				2276B44E24D310F800C2D4D7 /* Models */,
				2276B41E24D30FC100C2D4D7 /* AppDelegate.swift */,
				2276B42024D30FC100C2D4D7 /* SceneDelegate.swift */,
				2276B42424D30FC100C2D4D7 /* Main.storyboard */,
				2276B42724D30FC600C2D4D7 /* Assets.xcassets */,
				2276B42924D30FC600C2D4D7 /* LaunchScreen.storyboard */,
				2276B42C24D30FC600C2D4D7 /* Info.plist */,
			);
			path = TickerFullImageView;
			sourceTree = "<group>";
		};
		2276B43424D30FC600C2D4D7 /* TickerFullImageViewTests */ = {
			isa = PBXGroup;
			children = (
				2276B43524D30FC600C2D4D7 /* TickerFullImageViewTests.swift */,
				2276B43724D30FC600C2D4D7 /* Info.plist */,
			);
			path = TickerFullImageViewTests;
			sourceTree = "<group>";
		};
		2276B43F24D30FC600C2D4D7 /* TickerFullImageViewUITests */ = {
			isa = PBXGroup;
			children = (
				2276B44024D30FC600C2D4D7 /* TickerFullImageViewUITests.swift */,
				2276B44224D30FC600C2D4D7 /* Info.plist */,
			);
			path = TickerFullImageViewUITests;
			sourceTree = "<group>";
		};
		2276B44E24D310F800C2D4D7 /* Models */ = {
			isa = PBXGroup;
			children = (
				2276B44F24D3111400C2D4D7 /* MatchDetailImage.swift */,
			);
			path = Models;
			sourceTree = "<group>";
		};
		2276B45124D3124800C2D4D7 /* States */ = {
			isa = PBXGroup;
			children = (
				2276B45224D3125B00C2D4D7 /* MatchDetailImageState.swift */,
			);
			path = States;
			sourceTree = "<group>";
		};
		2276B45624D314D900C2D4D7 /* Repositories */ = {
			isa = PBXGroup;
			children = (
				2276B45424D314D500C2D4D7 /* MatchDetailRepository.swift */,
			);
			path = Repositories;
			sourceTree = "<group>";
		};
		2276B45724D317D200C2D4D7 /* Intents */ = {
			isa = PBXGroup;
			children = (
				2276B45824D317EE00C2D4D7 /* MatchDetailIntent.swift */,
			);
			path = Intents;
			sourceTree = "<group>";
		};
		2276B45A24D34DF700C2D4D7 /* Views */ = {
			isa = PBXGroup;
			children = (
				2276B42224D30FC100C2D4D7 /* ViewController.swift */,
			);
			path = Views;
			sourceTree = "<group>";
		};
		D67073E67EC0785C445C0B63 /* Pods */ = {
			isa = PBXGroup;
			children = (
				5E7B979947C0716591E5DEFD /* Pods-TickerFullImageView.debug.xcconfig */,
				1166BD6BA19F34286DD49C7B /* Pods-TickerFullImageView.release.xcconfig */,
				B6AFA87A9947EC3AFF0FAC2A /* Pods-TickerFullImageView-TickerFullImageViewUITests.debug.xcconfig */,
				B8C25F7020A15DED7D48656B /* Pods-TickerFullImageView-TickerFullImageViewUITests.release.xcconfig */,
				6EE2D6859D49B597E7409FE6 /* Pods-TickerFullImageViewTests.debug.xcconfig */,
				BB9A4E7C7CD7ED070DDBAA7B /* Pods-TickerFullImageViewTests.release.xcconfig */,
			);
			path = Pods;
			sourceTree = "<group>";
		};
/* End PBXGroup section */

/* Begin PBXNativeTarget section */
		2276B41A24D30FC100C2D4D7 /* TickerFullImageView */ = {
			isa = PBXNativeTarget;
			buildConfigurationList = 2276B44524D30FC600C2D4D7 /* Build configuration list for PBXNativeTarget "TickerFullImageView" */;
			buildPhases = (
				ABF362812C15CD28BD445FE2 /* [CP] Check Pods Manifest.lock */,
				2276B41724D30FC100C2D4D7 /* Sources */,
				2276B41824D30FC100C2D4D7 /* Frameworks */,
				2276B41924D30FC100C2D4D7 /* Resources */,
				6BC53A5CF2ADAF2E34E2E534 /* [CP] Embed Pods Frameworks */,
			);
			buildRules = (
			);
			dependencies = (
			);
			name = TickerFullImageView;
			productName = TickerFullImageView;
			productReference = 2276B41B24D30FC100C2D4D7 /* TickerFullImageView.app */;
			productType = "com.apple.product-type.application";
		};
		2276B43024D30FC600C2D4D7 /* TickerFullImageViewTests */ = {
			isa = PBXNativeTarget;
			buildConfigurationList = 2276B44824D30FC600C2D4D7 /* Build configuration list for PBXNativeTarget "TickerFullImageViewTests" */;
			buildPhases = (
				DD3EA2A51E20D2EB1F5D0EC2 /* [CP] Check Pods Manifest.lock */,
				2276B42D24D30FC600C2D4D7 /* Sources */,
				2276B42E24D30FC600C2D4D7 /* Frameworks */,
				2276B42F24D30FC600C2D4D7 /* Resources */,
			);
			buildRules = (
			);
			dependencies = (
				2276B43324D30FC600C2D4D7 /* PBXTargetDependency */,
			);
			name = TickerFullImageViewTests;
			productName = TickerFullImageViewTests;
			productReference = 2276B43124D30FC600C2D4D7 /* TickerFullImageViewTests.xctest */;
			productType = "com.apple.product-type.bundle.unit-test";
		};
		2276B43B24D30FC600C2D4D7 /* TickerFullImageViewUITests */ = {
			isa = PBXNativeTarget;
			buildConfigurationList = 2276B44B24D30FC600C2D4D7 /* Build configuration list for PBXNativeTarget "TickerFullImageViewUITests" */;
			buildPhases = (
				EB74ED36565B9ACE932F4607 /* [CP] Check Pods Manifest.lock */,
				2276B43824D30FC600C2D4D7 /* Sources */,
				2276B43924D30FC600C2D4D7 /* Frameworks */,
				2276B43A24D30FC600C2D4D7 /* Resources */,
				E74D910BB7408700CE2C0784 /* [CP] Embed Pods Frameworks */,
			);
			buildRules = (
			);
			dependencies = (
				2276B43E24D30FC600C2D4D7 /* PBXTargetDependency */,
			);
			name = TickerFullImageViewUITests;
			productName = TickerFullImageViewUITests;
			productReference = 2276B43C24D30FC600C2D4D7 /* TickerFullImageViewUITests.xctest */;
			productType = "com.apple.product-type.bundle.ui-testing";
		};
/* End PBXNativeTarget section */

/* Begin PBXProject section */
		2276B41324D30FC100C2D4D7 /* Project object */ = {
			isa = PBXProject;
			attributes = {
				LastSwiftUpdateCheck = 1150;
				LastUpgradeCheck = 1150;
				ORGANIZATIONNAME = user;
				TargetAttributes = {
					2276B41A24D30FC100C2D4D7 = {
						CreatedOnToolsVersion = 11.5;
					};
					2276B43024D30FC600C2D4D7 = {
						CreatedOnToolsVersion = 11.5;
						TestTargetID = 2276B41A24D30FC100C2D4D7;
					};
					2276B43B24D30FC600C2D4D7 = {
						CreatedOnToolsVersion = 11.5;
						TestTargetID = 2276B41A24D30FC100C2D4D7;
					};
				};
			};
			buildConfigurationList = 2276B41624D30FC100C2D4D7 /* Build configuration list for PBXProject "TickerFullImageView" */;
			compatibilityVersion = "Xcode 9.3";
			developmentRegion = en;
			hasScannedForEncodings = 0;
			knownRegions = (
				en,
				Base,
			);
			mainGroup = 2276B41224D30FC100C2D4D7;
			productRefGroup = 2276B41C24D30FC100C2D4D7 /* Products */;
			projectDirPath = "";
			projectRoot = "";
			targets = (
				2276B41A24D30FC100C2D4D7 /* TickerFullImageView */,
				2276B43024D30FC600C2D4D7 /* TickerFullImageViewTests */,
				2276B43B24D30FC600C2D4D7 /* TickerFullImageViewUITests */,
			);
		};
/* End PBXProject section */

/* Begin PBXResourcesBuildPhase section */
		2276B41924D30FC100C2D4D7 /* Resources */ = {
			isa = PBXResourcesBuildPhase;
			buildActionMask = 2147483647;
			files = (
				2276B42B24D30FC600C2D4D7 /* LaunchScreen.storyboard in Resources */,
				2276B42824D30FC600C2D4D7 /* Assets.xcassets in Resources */,
				2276B42624D30FC100C2D4D7 /* Main.storyboard in Resources */,
			);
			runOnlyForDeploymentPostprocessing = 0;
		};
		2276B42F24D30FC600C2D4D7 /* Resources */ = {
			isa = PBXResourcesBuildPhase;
			buildActionMask = 2147483647;
			files = (
			);
			runOnlyForDeploymentPostprocessing = 0;
		};
		2276B43A24D30FC600C2D4D7 /* Resources */ = {
			isa = PBXResourcesBuildPhase;
			buildActionMask = 2147483647;
			files = (
			);
			runOnlyForDeploymentPostprocessing = 0;
		};
/* End PBXResourcesBuildPhase section */

/* Begin PBXShellScriptBuildPhase section */
		6BC53A5CF2ADAF2E34E2E534 /* [CP] Embed Pods Frameworks */ = {
			isa = PBXShellScriptBuildPhase;
			buildActionMask = 2147483647;
			files = (
			);
			inputFileListPaths = (
				"${PODS_ROOT}/Target Support Files/Pods-TickerFullImageView/Pods-TickerFullImageView-frameworks-${CONFIGURATION}-input-files.xcfilelist",
			);
			name = "[CP] Embed Pods Frameworks";
			outputFileListPaths = (
				"${PODS_ROOT}/Target Support Files/Pods-TickerFullImageView/Pods-TickerFullImageView-frameworks-${CONFIGURATION}-output-files.xcfilelist",
			);
			runOnlyForDeploymentPostprocessing = 0;
			shellPath = /bin/sh;
			shellScript = "\"${PODS_ROOT}/Target Support Files/Pods-TickerFullImageView/Pods-TickerFullImageView-frameworks.sh\"\n";
			showEnvVarsInLog = 0;
		};
		ABF362812C15CD28BD445FE2 /* [CP] Check Pods Manifest.lock */ = {
			isa = PBXShellScriptBuildPhase;
			buildActionMask = 2147483647;
			files = (
			);
			inputFileListPaths = (
			);
			inputPaths = (
				"${PODS_PODFILE_DIR_PATH}/Podfile.lock",
				"${PODS_ROOT}/Manifest.lock",
			);
			name = "[CP] Check Pods Manifest.lock";
			outputFileListPaths = (
			);
			outputPaths = (
				"$(DERIVED_FILE_DIR)/Pods-TickerFullImageView-checkManifestLockResult.txt",
			);
			runOnlyForDeploymentPostprocessing = 0;
			shellPath = /bin/sh;
			shellScript = "diff \"${PODS_PODFILE_DIR_PATH}/Podfile.lock\" \"${PODS_ROOT}/Manifest.lock\" > /dev/null\nif [ $? != 0 ] ; then\n    # print error to STDERR\n    echo \"error: The sandbox is not in sync with the Podfile.lock. Run 'pod install' or update your CocoaPods installation.\" >&2\n    exit 1\nfi\n# This output is used by Xcode 'outputs' to avoid re-running this script phase.\necho \"SUCCESS\" > \"${SCRIPT_OUTPUT_FILE_0}\"\n";
			showEnvVarsInLog = 0;
		};
		DD3EA2A51E20D2EB1F5D0EC2 /* [CP] Check Pods Manifest.lock */ = {
			isa = PBXShellScriptBuildPhase;
			buildActionMask = 2147483647;
			files = (
			);
			inputFileListPaths = (
			);
			inputPaths = (
				"${PODS_PODFILE_DIR_PATH}/Podfile.lock",
				"${PODS_ROOT}/Manifest.lock",
			);
			name = "[CP] Check Pods Manifest.lock";
			outputFileListPaths = (
			);
			outputPaths = (
				"$(DERIVED_FILE_DIR)/Pods-TickerFullImageViewTests-checkManifestLockResult.txt",
			);
			runOnlyForDeploymentPostprocessing = 0;
			shellPath = /bin/sh;
			shellScript = "diff \"${PODS_PODFILE_DIR_PATH}/Podfile.lock\" \"${PODS_ROOT}/Manifest.lock\" > /dev/null\nif [ $? != 0 ] ; then\n    # print error to STDERR\n    echo \"error: The sandbox is not in sync with the Podfile.lock. Run 'pod install' or update your CocoaPods installation.\" >&2\n    exit 1\nfi\n# This output is used by Xcode 'outputs' to avoid re-running this script phase.\necho \"SUCCESS\" > \"${SCRIPT_OUTPUT_FILE_0}\"\n";
			showEnvVarsInLog = 0;
		};
		E74D910BB7408700CE2C0784 /* [CP] Embed Pods Frameworks */ = {
			isa = PBXShellScriptBuildPhase;
			buildActionMask = 2147483647;
			files = (
			);
			inputFileListPaths = (
				"${PODS_ROOT}/Target Support Files/Pods-TickerFullImageView-TickerFullImageViewUITests/Pods-TickerFullImageView-TickerFullImageViewUITests-frameworks-${CONFIGURATION}-input-files.xcfilelist",
			);
			name = "[CP] Embed Pods Frameworks";
			outputFileListPaths = (
				"${PODS_ROOT}/Target Support Files/Pods-TickerFullImageView-TickerFullImageViewUITests/Pods-TickerFullImageView-TickerFullImageViewUITests-frameworks-${CONFIGURATION}-output-files.xcfilelist",
			);
			runOnlyForDeploymentPostprocessing = 0;
			shellPath = /bin/sh;
			shellScript = "\"${PODS_ROOT}/Target Support Files/Pods-TickerFullImageView-TickerFullImageViewUITests/Pods-TickerFullImageView-TickerFullImageViewUITests-frameworks.sh\"\n";
			showEnvVarsInLog = 0;
		};
		EB74ED36565B9ACE932F4607 /* [CP] Check Pods Manifest.lock */ = {
			isa = PBXShellScriptBuildPhase;
			buildActionMask = 2147483647;
			files = (
			);
			inputFileListPaths = (
			);
			inputPaths = (
				"${PODS_PODFILE_DIR_PATH}/Podfile.lock",
				"${PODS_ROOT}/Manifest.lock",
			);
			name = "[CP] Check Pods Manifest.lock";
			outputFileListPaths = (
			);
			outputPaths = (
				"$(DERIVED_FILE_DIR)/Pods-TickerFullImageView-TickerFullImageViewUITests-checkManifestLockResult.txt",
			);
			runOnlyForDeploymentPostprocessing = 0;
			shellPath = /bin/sh;
			shellScript = "diff \"${PODS_PODFILE_DIR_PATH}/Podfile.lock\" \"${PODS_ROOT}/Manifest.lock\" > /dev/null\nif [ $? != 0 ] ; then\n    # print error to STDERR\n    echo \"error: The sandbox is not in sync with the Podfile.lock. Run 'pod install' or update your CocoaPods installation.\" >&2\n    exit 1\nfi\n# This output is used by Xcode 'outputs' to avoid re-running this script phase.\necho \"SUCCESS\" > \"${SCRIPT_OUTPUT_FILE_0}\"\n";
			showEnvVarsInLog = 0;
		};
/* End PBXShellScriptBuildPhase section */

/* Begin PBXSourcesBuildPhase section */
		2276B41724D30FC100C2D4D7 /* Sources */ = {
			isa = PBXSourcesBuildPhase;
			buildActionMask = 2147483647;
			files = (
				2276B45524D314D500C2D4D7 /* MatchDetailRepository.swift in Sources */,
				2276B45024D3111400C2D4D7 /* MatchDetailImage.swift in Sources */,
				2276B45924D317EE00C2D4D7 /* MatchDetailIntent.swift in Sources */,
				2276B45324D3125B00C2D4D7 /* MatchDetailImageState.swift in Sources */,
				2276B42324D30FC100C2D4D7 /* ViewController.swift in Sources */,
				2276B41F24D30FC100C2D4D7 /* AppDelegate.swift in Sources */,
				2276B42124D30FC100C2D4D7 /* SceneDelegate.swift in Sources */,
			);
			runOnlyForDeploymentPostprocessing = 0;
		};
		2276B42D24D30FC600C2D4D7 /* Sources */ = {
			isa = PBXSourcesBuildPhase;
			buildActionMask = 2147483647;
			files = (
				2276B43624D30FC600C2D4D7 /* TickerFullImageViewTests.swift in Sources */,
			);
			runOnlyForDeploymentPostprocessing = 0;
		};
		2276B43824D30FC600C2D4D7 /* Sources */ = {
			isa = PBXSourcesBuildPhase;
			buildActionMask = 2147483647;
			files = (
				2276B44124D30FC600C2D4D7 /* TickerFullImageViewUITests.swift in Sources */,
			);
			runOnlyForDeploymentPostprocessing = 0;
		};
/* End PBXSourcesBuildPhase section */

/* Begin PBXTargetDependency section */
		2276B43324D30FC600C2D4D7 /* PBXTargetDependency */ = {
			isa = PBXTargetDependency;
			target = 2276B41A24D30FC100C2D4D7 /* TickerFullImageView */;
			targetProxy = 2276B43224D30FC600C2D4D7 /* PBXContainerItemProxy */;
		};
		2276B43E24D30FC600C2D4D7 /* PBXTargetDependency */ = {
			isa = PBXTargetDependency;
			target = 2276B41A24D30FC100C2D4D7 /* TickerFullImageView */;
			targetProxy = 2276B43D24D30FC600C2D4D7 /* PBXContainerItemProxy */;
		};
/* End PBXTargetDependency section */

/* Begin PBXVariantGroup section */
		2276B42424D30FC100C2D4D7 /* Main.storyboard */ = {
			isa = PBXVariantGroup;
			children = (
				2276B42524D30FC100C2D4D7 /* Base */,
			);
			name = Main.storyboard;
			sourceTree = "<group>";
		};
		2276B42924D30FC600C2D4D7 /* LaunchScreen.storyboard */ = {
			isa = PBXVariantGroup;
			children = (
				2276B42A24D30FC600C2D4D7 /* Base */,
			);
			name = LaunchScreen.storyboard;
			sourceTree = "<group>";
		};
/* End PBXVariantGroup section */

/* Begin XCBuildConfiguration section */
		2276B44324D30FC600C2D4D7 /* Debug */ = {
			isa = XCBuildConfiguration;
			buildSettings = {
				ALWAYS_SEARCH_USER_PATHS = NO;
				CLANG_ANALYZER_NONNULL = YES;
				CLANG_ANALYZER_NUMBER_OBJECT_CONVERSION = YES_AGGRESSIVE;
				CLANG_CXX_LANGUAGE_STANDARD = "gnu++14";
				CLANG_CXX_LIBRARY = "libc++";
				CLANG_ENABLE_MODULES = YES;
				CLANG_ENABLE_OBJC_ARC = YES;
				CLANG_ENABLE_OBJC_WEAK = YES;
				CLANG_WARN_BLOCK_CAPTURE_AUTORELEASING = YES;
				CLANG_WARN_BOOL_CONVERSION = YES;
				CLANG_WARN_COMMA = YES;
				CLANG_WARN_CONSTANT_CONVERSION = YES;
				CLANG_WARN_DEPRECATED_OBJC_IMPLEMENTATIONS = YES;
				CLANG_WARN_DIRECT_OBJC_ISA_USAGE = YES_ERROR;
				CLANG_WARN_DOCUMENTATION_COMMENTS = YES;
				CLANG_WARN_EMPTY_BODY = YES;
				CLANG_WARN_ENUM_CONVERSION = YES;
				CLANG_WARN_INFINITE_RECURSION = YES;
				CLANG_WARN_INT_CONVERSION = YES;
				CLANG_WARN_NON_LITERAL_NULL_CONVERSION = YES;
				CLANG_WARN_OBJC_IMPLICIT_RETAIN_SELF = YES;
				CLANG_WARN_OBJC_LITERAL_CONVERSION = YES;
				CLANG_WARN_OBJC_ROOT_CLASS = YES_ERROR;
				CLANG_WARN_RANGE_LOOP_ANALYSIS = YES;
				CLANG_WARN_STRICT_PROTOTYPES = YES;
				CLANG_WARN_SUSPICIOUS_MOVE = YES;
				CLANG_WARN_UNGUARDED_AVAILABILITY = YES_AGGRESSIVE;
				CLANG_WARN_UNREACHABLE_CODE = YES;
				CLANG_WARN__DUPLICATE_METHOD_MATCH = YES;
				COPY_PHASE_STRIP = NO;
				DEBUG_INFORMATION_FORMAT = dwarf;
				ENABLE_STRICT_OBJC_MSGSEND = YES;
				ENABLE_TESTABILITY = YES;
				GCC_C_LANGUAGE_STANDARD = gnu11;
				GCC_DYNAMIC_NO_PIC = NO;
				GCC_NO_COMMON_BLOCKS = YES;
				GCC_OPTIMIZATION_LEVEL = 0;
				GCC_PREPROCESSOR_DEFINITIONS = (
					"DEBUG=1",
					"$(inherited)",
				);
				GCC_WARN_64_TO_32_BIT_CONVERSION = YES;
				GCC_WARN_ABOUT_RETURN_TYPE = YES_ERROR;
				GCC_WARN_UNDECLARED_SELECTOR = YES;
				GCC_WARN_UNINITIALIZED_AUTOS = YES_AGGRESSIVE;
				GCC_WARN_UNUSED_FUNCTION = YES;
				GCC_WARN_UNUSED_VARIABLE = YES;
				IPHONEOS_DEPLOYMENT_TARGET = 13.5;
				MTL_ENABLE_DEBUG_INFO = INCLUDE_SOURCE;
				MTL_FAST_MATH = YES;
				ONLY_ACTIVE_ARCH = YES;
				SDKROOT = iphoneos;
				SWIFT_ACTIVE_COMPILATION_CONDITIONS = DEBUG;
				SWIFT_OPTIMIZATION_LEVEL = "-Onone";
			};
			name = Debug;
		};
		2276B44424D30FC600C2D4D7 /* Release */ = {
			isa = XCBuildConfiguration;
			buildSettings = {
				ALWAYS_SEARCH_USER_PATHS = NO;
				CLANG_ANALYZER_NONNULL = YES;
				CLANG_ANALYZER_NUMBER_OBJECT_CONVERSION = YES_AGGRESSIVE;
				CLANG_CXX_LANGUAGE_STANDARD = "gnu++14";
				CLANG_CXX_LIBRARY = "libc++";
				CLANG_ENABLE_MODULES = YES;
				CLANG_ENABLE_OBJC_ARC = YES;
				CLANG_ENABLE_OBJC_WEAK = YES;
				CLANG_WARN_BLOCK_CAPTURE_AUTORELEASING = YES;
				CLANG_WARN_BOOL_CONVERSION = YES;
				CLANG_WARN_COMMA = YES;
				CLANG_WARN_CONSTANT_CONVERSION = YES;
				CLANG_WARN_DEPRECATED_OBJC_IMPLEMENTATIONS = YES;
				CLANG_WARN_DIRECT_OBJC_ISA_USAGE = YES_ERROR;
				CLANG_WARN_DOCUMENTATION_COMMENTS = YES;
				CLANG_WARN_EMPTY_BODY = YES;
				CLANG_WARN_ENUM_CONVERSION = YES;
				CLANG_WARN_INFINITE_RECURSION = YES;
				CLANG_WARN_INT_CONVERSION = YES;
				CLANG_WARN_NON_LITERAL_NULL_CONVERSION = YES;
				CLANG_WARN_OBJC_IMPLICIT_RETAIN_SELF = YES;
				CLANG_WARN_OBJC_LITERAL_CONVERSION = YES;
				CLANG_WARN_OBJC_ROOT_CLASS = YES_ERROR;
				CLANG_WARN_RANGE_LOOP_ANALYSIS = YES;
				CLANG_WARN_STRICT_PROTOTYPES = YES;
				CLANG_WARN_SUSPICIOUS_MOVE = YES;
				CLANG_WARN_UNGUARDED_AVAILABILITY = YES_AGGRESSIVE;
				CLANG_WARN_UNREACHABLE_CODE = YES;
				CLANG_WARN__DUPLICATE_METHOD_MATCH = YES;
				COPY_PHASE_STRIP = NO;
				DEBUG_INFORMATION_FORMAT = "dwarf-with-dsym";
				ENABLE_NS_ASSERTIONS = NO;
				ENABLE_STRICT_OBJC_MSGSEND = YES;
				GCC_C_LANGUAGE_STANDARD = gnu11;
				GCC_NO_COMMON_BLOCKS = YES;
				GCC_WARN_64_TO_32_BIT_CONVERSION = YES;
				GCC_WARN_ABOUT_RETURN_TYPE = YES_ERROR;
				GCC_WARN_UNDECLARED_SELECTOR = YES;
				GCC_WARN_UNINITIALIZED_AUTOS = YES_AGGRESSIVE;
				GCC_WARN_UNUSED_FUNCTION = YES;
				GCC_WARN_UNUSED_VARIABLE = YES;
				IPHONEOS_DEPLOYMENT_TARGET = 13.5;
				MTL_ENABLE_DEBUG_INFO = NO;
				MTL_FAST_MATH = YES;
				SDKROOT = iphoneos;
				SWIFT_COMPILATION_MODE = wholemodule;
				SWIFT_OPTIMIZATION_LEVEL = "-O";
				VALIDATE_PRODUCT = YES;
			};
			name = Release;
		};
		2276B44624D30FC600C2D4D7 /* Debug */ = {
			isa = XCBuildConfiguration;
			baseConfigurationReference = 5E7B979947C0716591E5DEFD /* Pods-TickerFullImageView.debug.xcconfig */;
			buildSettings = {
				ASSETCATALOG_COMPILER_APPICON_NAME = AppIcon;
				CODE_SIGN_STYLE = Automatic;
				INFOPLIST_FILE = TickerFullImageView/Info.plist;
				LD_RUNPATH_SEARCH_PATHS = (
					"$(inherited)",
					"@executable_path/Frameworks",
				);
				PRODUCT_BUNDLE_IDENTIFIER = jf.TickerFullImageView;
				PRODUCT_NAME = "$(TARGET_NAME)";
				SWIFT_VERSION = 5.0;
				TARGETED_DEVICE_FAMILY = "1,2";
			};
			name = Debug;
		};
		2276B44724D30FC600C2D4D7 /* Release */ = {
			isa = XCBuildConfiguration;
			baseConfigurationReference = 1166BD6BA19F34286DD49C7B /* Pods-TickerFullImageView.release.xcconfig */;
			buildSettings = {
				ASSETCATALOG_COMPILER_APPICON_NAME = AppIcon;
				CODE_SIGN_STYLE = Automatic;
				INFOPLIST_FILE = TickerFullImageView/Info.plist;
				LD_RUNPATH_SEARCH_PATHS = (
					"$(inherited)",
					"@executable_path/Frameworks",
				);
				PRODUCT_BUNDLE_IDENTIFIER = jf.TickerFullImageView;
				PRODUCT_NAME = "$(TARGET_NAME)";
				SWIFT_VERSION = 5.0;
				TARGETED_DEVICE_FAMILY = "1,2";
			};
			name = Release;
		};
		2276B44924D30FC600C2D4D7 /* Debug */ = {
			isa = XCBuildConfiguration;
			baseConfigurationReference = 6EE2D6859D49B597E7409FE6 /* Pods-TickerFullImageViewTests.debug.xcconfig */;
			buildSettings = {
				ALWAYS_EMBED_SWIFT_STANDARD_LIBRARIES = YES;
				BUNDLE_LOADER = "$(TEST_HOST)";
				CODE_SIGN_STYLE = Automatic;
				INFOPLIST_FILE = TickerFullImageViewTests/Info.plist;
				IPHONEOS_DEPLOYMENT_TARGET = 13.5;
				LD_RUNPATH_SEARCH_PATHS = (
					"$(inherited)",
					"@executable_path/Frameworks",
					"@loader_path/Frameworks",
				);
				PRODUCT_BUNDLE_IDENTIFIER = jf.TickerFullImageViewTests;
				PRODUCT_NAME = "$(TARGET_NAME)";
				SWIFT_VERSION = 5.0;
				TARGETED_DEVICE_FAMILY = "1,2";
				TEST_HOST = "$(BUILT_PRODUCTS_DIR)/TickerFullImageView.app/TickerFullImageView";
			};
			name = Debug;
		};
		2276B44A24D30FC600C2D4D7 /* Release */ = {
			isa = XCBuildConfiguration;
			baseConfigurationReference = BB9A4E7C7CD7ED070DDBAA7B /* Pods-TickerFullImageViewTests.release.xcconfig */;
			buildSettings = {
				ALWAYS_EMBED_SWIFT_STANDARD_LIBRARIES = YES;
				BUNDLE_LOADER = "$(TEST_HOST)";
				CODE_SIGN_STYLE = Automatic;
				INFOPLIST_FILE = TickerFullImageViewTests/Info.plist;
				IPHONEOS_DEPLOYMENT_TARGET = 13.5;
				LD_RUNPATH_SEARCH_PATHS = (
					"$(inherited)",
					"@executable_path/Frameworks",
					"@loader_path/Frameworks",
				);
				PRODUCT_BUNDLE_IDENTIFIER = jf.TickerFullImageViewTests;
				PRODUCT_NAME = "$(TARGET_NAME)";
				SWIFT_VERSION = 5.0;
				TARGETED_DEVICE_FAMILY = "1,2";
				TEST_HOST = "$(BUILT_PRODUCTS_DIR)/TickerFullImageView.app/TickerFullImageView";
			};
			name = Release;
		};
		2276B44C24D30FC600C2D4D7 /* Debug */ = {
			isa = XCBuildConfiguration;
			baseConfigurationReference = B6AFA87A9947EC3AFF0FAC2A /* Pods-TickerFullImageView-TickerFullImageViewUITests.debug.xcconfig */;
			buildSettings = {
				ALWAYS_EMBED_SWIFT_STANDARD_LIBRARIES = YES;
				CODE_SIGN_STYLE = Automatic;
				INFOPLIST_FILE = TickerFullImageViewUITests/Info.plist;
				LD_RUNPATH_SEARCH_PATHS = (
					"$(inherited)",
					"@executable_path/Frameworks",
					"@loader_path/Frameworks",
				);
				PRODUCT_BUNDLE_IDENTIFIER = jf.TickerFullImageViewUITests;
				PRODUCT_NAME = "$(TARGET_NAME)";
				SWIFT_VERSION = 5.0;
				TARGETED_DEVICE_FAMILY = "1,2";
				TEST_TARGET_NAME = TickerFullImageView;
			};
			name = Debug;
		};
		2276B44D24D30FC600C2D4D7 /* Release */ = {
			isa = XCBuildConfiguration;
			baseConfigurationReference = B8C25F7020A15DED7D48656B /* Pods-TickerFullImageView-TickerFullImageViewUITests.release.xcconfig */;
			buildSettings = {
				ALWAYS_EMBED_SWIFT_STANDARD_LIBRARIES = YES;
				CODE_SIGN_STYLE = Automatic;
				INFOPLIST_FILE = TickerFullImageViewUITests/Info.plist;
				LD_RUNPATH_SEARCH_PATHS = (
					"$(inherited)",
					"@executable_path/Frameworks",
					"@loader_path/Frameworks",
				);
				PRODUCT_BUNDLE_IDENTIFIER = jf.TickerFullImageViewUITests;
				PRODUCT_NAME = "$(TARGET_NAME)";
				SWIFT_VERSION = 5.0;
				TARGETED_DEVICE_FAMILY = "1,2";
				TEST_TARGET_NAME = TickerFullImageView;
			};
			name = Release;
		};
/* End XCBuildConfiguration section */

/* Begin XCConfigurationList section */
		2276B41624D30FC100C2D4D7 /* Build configuration list for PBXProject "TickerFullImageView" */ = {
			isa = XCConfigurationList;
			buildConfigurations = (
				2276B44324D30FC600C2D4D7 /* Debug */,
				2276B44424D30FC600C2D4D7 /* Release */,
			);
			defaultConfigurationIsVisible = 0;
			defaultConfigurationName = Release;
		};
		2276B44524D30FC600C2D4D7 /* Build configuration list for PBXNativeTarget "TickerFullImageView" */ = {
			isa = XCConfigurationList;
			buildConfigurations = (
				2276B44624D30FC600C2D4D7 /* Debug */,
				2276B44724D30FC600C2D4D7 /* Release */,
			);
			defaultConfigurationIsVisible = 0;
			defaultConfigurationName = Release;
		};
		2276B44824D30FC600C2D4D7 /* Build configuration list for PBXNativeTarget "TickerFullImageViewTests" */ = {
			isa = XCConfigurationList;
			buildConfigurations = (
				2276B44924D30FC600C2D4D7 /* Debug */,
				2276B44A24D30FC600C2D4D7 /* Release */,
			);
			defaultConfigurationIsVisible = 0;
			defaultConfigurationName = Release;
		};
		2276B44B24D30FC600C2D4D7 /* Build configuration list for PBXNativeTarget "TickerFullImageViewUITests" */ = {
			isa = XCConfigurationList;
			buildConfigurations = (
				2276B44C24D30FC600C2D4D7 /* Debug */,
				2276B44D24D30FC600C2D4D7 /* Release */,
			);
			defaultConfigurationIsVisible = 0;
			defaultConfigurationName = Release;
		};
/* End XCConfigurationList section */
	};
	rootObject = 2276B41324D30FC100C2D4D7 /* Project object */;
}
